Microsoft Visual Studio Solution File, Format Version 12.00
# Visual Studio 15
VisualStudioVersion = 15.0.28307.421
MinimumVisualStudioVersion = 10.0.40219.1
Project("{2150E333-8FDC-42A3-9474-1A3956D46DE8}") = "Service", "Service", "{9E25C514-1245-41E9-A512-3FBDBF6F8F6C}"
EndProject
Project("{9A19103F-16F7-4668-BE54-9A1E7A4F7556}") = "Account.Domain", "src\Service\Account\Domain\Account.Domain.csproj", "{0445EEF6-C75E-4868-8B8F-9B10900DF360}"
EndProject
Project("{9A19103F-16F7-4668-BE54-9A1E7A4F7556}") = "Account.IDataProvider", "src\Service\Account\IDataProvider\Account.IDataProvider.csproj", "{5802202B-A410-4557-847F-4A026BDF46C5}"
EndProject
Project("{9A19103F-16F7-4668-BE54-9A1E7A4F7556}") = "Account.OracleDataProvider", "src\Service\Account\OracleDataProvider\Account.OracleDataProvider.csproj", "{7B4F87CB-3780-454D-90C4-8E68AA5A7A86}"
EndProject
Project("{9A19103F-16F7-4668-BE54-9A1E7A4F7556}") = "Account.Repository", "src\Service\Account\Repository\Account.Repository.csproj", "{1C1BC089-BA6C-4467-AAD6-A5E5562EF8D1}"
EndProject
Project("{9A19103F-16F7-4668-BE54-9A1E7A4F7556}") = "Account.API", "src\Service\Account\API\Account.API.csproj", "{F2AE55A2-9CDF-4603-8A63-910AB5F897A8}"
EndProject
Project("{9A19103F-16F7-4668-BE54-9A1E7A4F7556}") = "Account.API.Test", "src\Service\Account\API.Test\Account.API.Test.csproj", "{688C7F6D-A3F4-4ACA-9FCE-F75F7E9592A6}"
EndProject
Project("{9A19103F-16F7-4668-BE54-9A1E7A4F7556}") = "Account.Models", "src\Service\Account\Models\Account.Models.csproj", "{1A0DFF3A-5142-4548-B0A5-3ED4354B5F51}"
EndProject
Project("{9A19103F-16F7-4668-BE54-9A1E7A4F7556}") = "Account.Service", "src\Service\Account\Service\Account.Service.csproj", "{A7971706-78B7-49E2-874F-8B80B5F38825}"
EndProject
Project("{2150E333-8FDC-42A3-9474-1A3956D46DE8}") = "Tools", "Tools", "{B4AB1C59-0A46-437E-8D88-A273C05EC513}"
EndProject
Project("{2150E333-8FDC-42A3-9474-1A3956D46DE8}") = "PerformanceCounterCategoryTool", "PerformanceCounterCategoryTool", "{772B5F55-3257-431A-87DB-568458FFE933}"
EndProject
Project("{9A19103F-16F7-4668-BE54-9A1E7A4F7556}") = "PerformanceCounterCategoryTool", "src\Tools\PerformanceCounterCategoryTool\PerformanceCounterCategoryTool.csproj", "{A0893FE4-DCB1-41C5-BEC3-EDC078C60DC5}"
EndProject
Project("{9A19103F-16F7-4668-BE54-9A1E7A4F7556}") = "Account.Repository.Test", "src\Service\Account\Repository.Test\Account.Repository.Test.csproj", "{06E94538-69BD-41C2-BFD5-CEC18745BB97}"
EndProject
Project("{9A19103F-16F7-4668-BE54-9A1E7A4F7556}") = "Account.Domain.Test", "src\Service\Account\Domain.Test\Account.Domain.Test.csproj", "{C9B35993-CA99-4C42-AC4A-9C84F776A398}"
EndProject
Project("{9A19103F-16F7-4668-BE54-9A1E7A4F7556}") = "Account.Service.Test", "src\Service\Account\Service.Test\Account.Service.Test.csproj", "{4E556DB0-8803-4D99-A0B4-288A1552F346}"
EndProject
Project("{2150E333-8FDC-42A3-9474-1A3956D46DE8}") = "ApiClient", "ApiClient", "{1B936C6B-2E14-4B91-B972-140835537E74}"
EndProject
Project("{9A19103F-16F7-4668-BE54-9A1E7A4F7556}") = "ApiClients.Account", "src\ApiClients\Account\ApiClients.Account.csproj", "{6747B3AB-2B05-4674-801F-68C6960BEBF5}"
EndProject
Global
	GlobalSection(SolutionConfigurationPlatforms) = preSolution
		Debug|Any CPU = Debug|Any CPU
		Release|Any CPU = Release|Any CPU
	EndGlobalSection
	GlobalSection(ProjectConfigurationPlatforms) = postSolution
		{0445EEF6-C75E-4868-8B8F-9B10900DF360}.Debug|Any CPU.ActiveCfg = Debug|Any CPU
		{0445EEF6-C75E-4868-8B8F-9B10900DF360}.Debug|Any CPU.Build.0 = Debug|Any CPU
		{0445EEF6-C75E-4868-8B8F-9B10900DF360}.Release|Any CPU.ActiveCfg = Release|Any CPU
		{0445EEF6-C75E-4868-8B8F-9B10900DF360}.Release|Any CPU.Build.0 = Release|Any CPU
		{5802202B-A410-4557-847F-4A026BDF46C5}.Debug|Any CPU.ActiveCfg = Debug|Any CPU
		{5802202B-A410-4557-847F-4A026BDF46C5}.Debug|Any CPU.Build.0 = Debug|Any CPU
		{5802202B-A410-4557-847F-4A026BDF46C5}.Release|Any CPU.ActiveCfg = Release|Any CPU
		{5802202B-A410-4557-847F-4A026BDF46C5}.Release|Any CPU.Build.0 = Release|Any CPU
		{7B4F87CB-3780-454D-90C4-8E68AA5A7A86}.Debug|Any CPU.ActiveCfg = Debug|Any CPU
		{7B4F87CB-3780-454D-90C4-8E68AA5A7A86}.Debug|Any CPU.Build.0 = Debug|Any CPU
		{7B4F87CB-3780-454D-90C4-8E68AA5A7A86}.Release|Any CPU.ActiveCfg = Release|Any CPU
		{7B4F87CB-3780-454D-90C4-8E68AA5A7A86}.Release|Any CPU.Build.0 = Release|Any CPU
		{1C1BC089-BA6C-4467-AAD6-A5E5562EF8D1}.Debug|Any CPU.ActiveCfg = Debug|Any CPU
		{1C1BC089-BA6C-4467-AAD6-A5E5562EF8D1}.Debug|Any CPU.Build.0 = Debug|Any CPU
		{1C1BC089-BA6C-4467-AAD6-A5E5562EF8D1}.Release|Any CPU.ActiveCfg = Release|Any CPU
		{1C1BC089-BA6C-4467-AAD6-A5E5562EF8D1}.Release|Any CPU.Build.0 = Release|Any CPU
		{F2AE55A2-9CDF-4603-8A63-910AB5F897A8}.Debug|Any CPU.ActiveCfg = Debug|Any CPU
		{F2AE55A2-9CDF-4603-8A63-910AB5F897A8}.Debug|Any CPU.Build.0 = Debug|Any CPU
		{F2AE55A2-9CDF-4603-8A63-910AB5F897A8}.Release|Any CPU.ActiveCfg = Release|Any CPU
		{F2AE55A2-9CDF-4603-8A63-910AB5F897A8}.Release|Any CPU.Build.0 = Release|Any CPU
		{688C7F6D-A3F4-4ACA-9FCE-F75F7E9592A6}.Debug|Any CPU.ActiveCfg = Debug|Any CPU
		{688C7F6D-A3F4-4ACA-9FCE-F75F7E9592A6}.Debug|Any CPU.Build.0 = Debug|Any CPU
		{688C7F6D-A3F4-4ACA-9FCE-F75F7E9592A6}.Release|Any CPU.ActiveCfg = Release|Any CPU
		{688C7F6D-A3F4-4ACA-9FCE-F75F7E9592A6}.Release|Any CPU.Build.0 = Release|Any CPU
		{1A0DFF3A-5142-4548-B0A5-3ED4354B5F51}.Debug|Any CPU.ActiveCfg = Debug|Any CPU
		{1A0DFF3A-5142-4548-B0A5-3ED4354B5F51}.Debug|Any CPU.Build.0 = Debug|Any CPU
		{1A0DFF3A-5142-4548-B0A5-3ED4354B5F51}.Release|Any CPU.ActiveCfg = Release|Any CPU
		{1A0DFF3A-5142-4548-B0A5-3ED4354B5F51}.Release|Any CPU.Build.0 = Release|Any CPU
		{A7971706-78B7-49E2-874F-8B80B5F38825}.Debug|Any CPU.ActiveCfg = Debug|Any CPU
		{A7971706-78B7-49E2-874F-8B80B5F38825}.Debug|Any CPU.Build.0 = Debug|Any CPU
		{A7971706-78B7-49E2-874F-8B80B5F38825}.Release|Any CPU.ActiveCfg = Release|Any CPU
		{A7971706-78B7-49E2-874F-8B80B5F38825}.Release|Any CPU.Build.0 = Release|Any CPU
		{A0893FE4-DCB1-41C5-BEC3-EDC078C60DC5}.Debug|Any CPU.ActiveCfg = Debug|Any CPU
		{A0893FE4-DCB1-41C5-BEC3-EDC078C60DC5}.Debug|Any CPU.Build.0 = Debug|Any CPU
		{A0893FE4-DCB1-41C5-BEC3-EDC078C60DC5}.Release|Any CPU.ActiveCfg = Release|Any CPU
		{A0893FE4-DCB1-41C5-BEC3-EDC078C60DC5}.Release|Any CPU.Build.0 = Release|Any CPU
		{06E94538-69BD-41C2-BFD5-CEC18745BB97}.Debug|Any CPU.ActiveCfg = Debug|Any CPU
		{06E94538-69BD-41C2-BFD5-CEC18745BB97}.Debug|Any CPU.Build.0 = Debug|Any CPU
		{06E94538-69BD-41C2-BFD5-CEC18745BB97}.Release|Any CPU.ActiveCfg = Release|Any CPU
		{06E94538-69BD-41C2-BFD5-CEC18745BB97}.Release|Any CPU.Build.0 = Release|Any CPU
		{C9B35993-CA99-4C42-AC4A-9C84F776A398}.Debug|Any CPU.ActiveCfg = Debug|Any CPU
		{C9B35993-CA99-4C42-AC4A-9C84F776A398}.Debug|Any CPU.Build.0 = Debug|Any CPU
		{C9B35993-CA99-4C42-AC4A-9C84F776A398}.Release|Any CPU.ActiveCfg = Release|Any CPU
		{C9B35993-CA99-4C42-AC4A-9C84F776A398}.Release|Any CPU.Build.0 = Release|Any CPU
		{4E556DB0-8803-4D99-A0B4-288A1552F346}.Debug|Any CPU.ActiveCfg = Debug|Any CPU
		{4E556DB0-8803-4D99-A0B4-288A1552F346}.Debug|Any CPU.Build.0 = Debug|Any CPU
		{4E556DB0-8803-4D99-A0B4-288A1552F346}.Release|Any CPU.ActiveCfg = Release|Any CPU
		{4E556DB0-8803-4D99-A0B4-288A1552F346}.Release|Any CPU.Build.0 = Release|Any CPU
		{6747B3AB-2B05-4674-801F-68C6960BEBF5}.Debug|Any CPU.ActiveCfg = Debug|Any CPU
		{6747B3AB-2B05-4674-801F-68C6960BEBF5}.Debug|Any CPU.Build.0 = Debug|Any CPU
		{6747B3AB-2B05-4674-801F-68C6960BEBF5}.Release|Any CPU.ActiveCfg = Release|Any CPU
		{6747B3AB-2B05-4674-801F-68C6960BEBF5}.Release|Any CPU.Build.0 = Release|Any CPU
	EndGlobalSection
	GlobalSection(SolutionProperties) = preSolution
		HideSolutionNode = FALSE
	EndGlobalSection
	GlobalSection(NestedProjects) = preSolution
		{0445EEF6-C75E-4868-8B8F-9B10900DF360} = {9E25C514-1245-41E9-A512-3FBDBF6F8F6C}
		{5802202B-A410-4557-847F-4A026BDF46C5} = {9E25C514-1245-41E9-A512-3FBDBF6F8F6C}
		{7B4F87CB-3780-454D-90C4-8E68AA5A7A86} = {9E25C514-1245-41E9-A512-3FBDBF6F8F6C}
		{1C1BC089-BA6C-4467-AAD6-A5E5562EF8D1} = {9E25C514-1245-41E9-A512-3FBDBF6F8F6C}
		{F2AE55A2-9CDF-4603-8A63-910AB5F897A8} = {9E25C514-1245-41E9-A512-3FBDBF6F8F6C}
		{688C7F6D-A3F4-4ACA-9FCE-F75F7E9592A6} = {9E25C514-1245-41E9-A512-3FBDBF6F8F6C}
		{1A0DFF3A-5142-4548-B0A5-3ED4354B5F51} = {9E25C514-1245-41E9-A512-3FBDBF6F8F6C}
		{A7971706-78B7-49E2-874F-8B80B5F38825} = {9E25C514-1245-41E9-A512-3FBDBF6F8F6C}
		{772B5F55-3257-431A-87DB-568458FFE933} = {B4AB1C59-0A46-437E-8D88-A273C05EC513}
		{A0893FE4-DCB1-41C5-BEC3-EDC078C60DC5} = {772B5F55-3257-431A-87DB-568458FFE933}
		{06E94538-69BD-41C2-BFD5-CEC18745BB97} = {9E25C514-1245-41E9-A512-3FBDBF6F8F6C}
		{C9B35993-CA99-4C42-AC4A-9C84F776A398} = {9E25C514-1245-41E9-A512-3FBDBF6F8F6C}
		{4E556DB0-8803-4D99-A0B4-288A1552F346} = {9E25C514-1245-41E9-A512-3FBDBF6F8F6C}
		{6747B3AB-2B05-4674-801F-68C6960BEBF5} = {1B936C6B-2E14-4B91-B972-140835537E74}
	EndGlobalSection
	GlobalSection(ExtensibilityGlobals) = postSolution
		SolutionGuid = {391A738E-C797-434B-8404-14276BF2DA28}
	EndGlobalSection
EndGlobal
